
Microsoft Visual Studio Solution File, Format Version 12.00
# Visual Studio 15
VisualStudioVersion = 15.0.27004.2002
MinimumVisualStudioVersion = 10.0.40219.1
Project("{FAE04EC0-301F-11D3-BF4B-00C04F79EFBC}") = "WeddingSite", "WeddingSite\WeddingSite.csproj", "{056DEAD5-7C53-4492-AF41-1B5794764A5F}"
EndProject
Project("{CC5FD16D-436D-48AD-A40C-5A424C6E3E79}") = "WeddingSite.Azure", "WeddingSite.Azure\WeddingSite.Azure.ccproj", "{89345DE0-0EDD-47A6-8246-D977983AAB4D}"
EndProject
Global
	GlobalSection(SolutionConfigurationPlatforms) = preSolution
		Debug|Any CPU = Debug|Any CPU
		Release|Any CPU = Release|Any CPU
	EndGlobalSection
	GlobalSection(ProjectConfigurationPlatforms) = postSolution
		{056DEAD5-7C53-4492-AF41-1B5794764A5F}.Debug|Any CPU.ActiveCfg = Debug|Any CPU
		{056DEAD5-7C53-4492-AF41-1B5794764A5F}.Debug|Any CPU.Build.0 = Debug|Any CPU
		{056DEAD5-7C53-4492-AF41-1B5794764A5F}.Release|Any CPU.ActiveCfg = Release|Any CPU
		{056DEAD5-7C53-4492-AF41-1B5794764A5F}.Release|Any CPU.Build.0 = Release|Any CPU
		{89345DE0-0EDD-47A6-8246-D977983AAB4D}.Debug|Any CPU.ActiveCfg = Debug|Any CPU
		{89345DE0-0EDD-47A6-8246-D977983AAB4D}.Debug|Any CPU.Build.0 = Debug|Any CPU
		{89345DE0-0EDD-47A6-8246-D977983AAB4D}.Release|Any CPU.ActiveCfg = Release|Any CPU
		{89345DE0-0EDD-47A6-8246-D977983AAB4D}.Release|Any CPU.Build.0 = Release|Any CPU
	EndGlobalSection
	GlobalSection(SolutionProperties) = preSolution
		HideSolutionNode = FALSE
	EndGlobalSection
	GlobalSection(ExtensibilityGlobals) = postSolution
		SolutionGuid = {FC710D48-6C14-49D2-B23D-F1062742FB29}
	EndGlobalSection
EndGlobal
